
Microsoft Visual Studio Solution File, Format Version 12.00
# Visual Studio Version 16
VisualStudioVersion = 16.0.30406.217
MinimumVisualStudioVersion = 10.0.40219.1
Project("{FAE04EC0-301F-11D3-BF4B-00C04F79EFBC}") = "BaysBogey.Server", "BaysBogey\Server\BaysBogey.Server.csproj", "{56CAF500-3552-488E-AED4-231B18326EAE}"
EndProject
Project("{FAE04EC0-301F-11D3-BF4B-00C04F79EFBC}") = "BaysBogey.Client", "BaysBogey\Client\BaysBogey.Client.csproj", "{30878A74-8C72-475D-818F-1ED9E90DFB7C}"
EndProject
Project("{FAE04EC0-301F-11D3-BF4B-00C04F79EFBC}") = "BaysBogey.Shared", "BaysBogey\Shared\BaysBogey.Shared.csproj", "{ECE18325-8EAE-4871-A8BB-04BA61B2401B}"
EndProject
Global
	GlobalSection(SolutionConfigurationPlatforms) = preSolution
		Debug|Any CPU = Debug|Any CPU
		Release|Any CPU = Release|Any CPU
	EndGlobalSection
	GlobalSection(ProjectConfigurationPlatforms) = postSolution
		{56CAF500-3552-488E-AED4-231B18326EAE}.Debug|Any CPU.ActiveCfg = Debug|Any CPU
		{56CAF500-3552-488E-AED4-231B18326EAE}.Debug|Any CPU.Build.0 = Debug|Any CPU
		{56CAF500-3552-488E-AED4-231B18326EAE}.Release|Any CPU.ActiveCfg = Release|Any CPU
		{56CAF500-3552-488E-AED4-231B18326EAE}.Release|Any CPU.Build.0 = Release|Any CPU
		{30878A74-8C72-475D-818F-1ED9E90DFB7C}.Debug|Any CPU.ActiveCfg = Debug|Any CPU
		{30878A74-8C72-475D-818F-1ED9E90DFB7C}.Debug|Any CPU.Build.0 = Debug|Any CPU
		{30878A74-8C72-475D-818F-1ED9E90DFB7C}.Release|Any CPU.ActiveCfg = Release|Any CPU
		{30878A74-8C72-475D-818F-1ED9E90DFB7C}.Release|Any CPU.Build.0 = Release|Any CPU
		{ECE18325-8EAE-4871-A8BB-04BA61B2401B}.Debug|Any CPU.ActiveCfg = Debug|Any CPU
		{ECE18325-8EAE-4871-A8BB-04BA61B2401B}.Debug|Any CPU.Build.0 = Debug|Any CPU
		{ECE18325-8EAE-4871-A8BB-04BA61B2401B}.Release|Any CPU.ActiveCfg = Release|Any CPU
		{ECE18325-8EAE-4871-A8BB-04BA61B2401B}.Release|Any CPU.Build.0 = Release|Any CPU
	EndGlobalSection
	GlobalSection(SolutionProperties) = preSolution
		HideSolutionNode = FALSE
	EndGlobalSection
	GlobalSection(ExtensibilityGlobals) = postSolution
		SolutionGuid = {2C45A0A7-7AD1-4008-BDC1-B9C81ECA3575}
	EndGlobalSection
EndGlobal
